
Microsoft Visual Studio Solution File, Format Version 12.00
# Visual Studio Version 16
VisualStudioVersion = 16.0.31702.278
MinimumVisualStudioVersion = 10.0.40219.1
Project("{FAE04EC0-301F-11D3-BF4B-00C04F79EFBC}") = "BilgiYarismasi", "BilgiYarismasi\BilgiYarismasi.csproj", "{BA36C069-B01A-4D97-963F-6622531C40A6}"
EndProject
Global
	GlobalSection(SolutionConfigurationPlatforms) = preSolution
		Debug|Any CPU = Debug|Any CPU
		Release|Any CPU = Release|Any CPU
	EndGlobalSection
	GlobalSection(ProjectConfigurationPlatforms) = postSolution
		{BA36C069-B01A-4D97-963F-6622531C40A6}.Debug|Any CPU.ActiveCfg = Debug|Any CPU
		{BA36C069-B01A-4D97-963F-6622531C40A6}.Debug|Any CPU.Build.0 = Debug|Any CPU
		{BA36C069-B01A-4D97-963F-6622531C40A6}.Release|Any CPU.ActiveCfg = Release|Any CPU
		{BA36C069-B01A-4D97-963F-6622531C40A6}.Release|Any CPU.Build.0 = Release|Any CPU
	EndGlobalSection
	GlobalSection(SolutionProperties) = preSolution
		HideSolutionNode = FALSE
	EndGlobalSection
	GlobalSection(ExtensibilityGlobals) = postSolution
		SolutionGuid = {A0E56B86-49C7-4620-BCE2-833AF365F665}
	EndGlobalSection
EndGlobal
